@@ -8,7 +8,8 @@
       "dependencies": {
         "lucide-react": "^0.344.0",
         "react": "^18.3.1",
-        "react-dom": "^18.3.1"
+        "react-dom": "^18.3.1",
+        "@paypal/react-paypal-js": "^8.5.0"
       },
       "devDependencies": {
         "@eslint/js": "^9.9.1",
@@ -1181,6 +1182,60 @@
         }
       }
     },
+    "node_modules/@paypal/paypal-js": {
+      "version": "8.1.0",
+      "resolved": "https://registry.npmjs.org/@paypal/paypal-js/-/paypal-js-8.1.0.tgz",
+      "integrity": "sha512-hP4/5eE6vO4e62u6i7k9eUjO9XlJjQ4T123N0x/k52+lYhG1E8p6J9W3CqS+D/Sj2U/49/F9lE9sA==",
+      "dependencies": {
+        "@paypal/sdk-constants": "^1.0.74",
+        "@paypal/sdk-release-notes": "^1.0.2"
+      }
+    },
+    "node_modules/@paypal/react-paypal-js": {
+      "version": "8.5.0",
+      "resolved": "https://registry.npmjs.org/@paypal/react-paypal-js/-/react-paypal-js-8.5.0.tgz",
+      "integrity": "sha512-tW2O+0345D4Y99vS6hRj2kIq1oY82fD/3Y2yI8Y1w5P0C8fU/0hJgEwD0R6z/hR5M7rF9r/j0yMvQ==",
+      "dependencies": {
+        "@paypal/paypal-js": "^8.0.5",
+        "@paypal/sdk-release-notes": "^1.0.2"
+      },
+      "peerDependencies": {
+        "react": "^16.12.0 || ^17.0.0 || ^18.0.0",
+        "react-dom": "^16.12.0 || ^17.0.0 || ^18.0.0"
+      }
+    },
+    "node_modules/@paypal/sdk-constants": {
+      "version": "1.0.107",
+      "resolved": "https://registry.npmjs.org/@paypal/sdk-constants/-/sdk-constants-1.0.107.tgz",
+      "integrity": "sha512-U6Mmk3bIuH1bYcO01v/O44T3Dk7i5N570lK+0U0v9v/rU0+WfQ5Nn7p1gJ1ZGGgU40f/4c+G5c2qA=="
+    },
+    "node_modules/@paypal/sdk-release-notes": {
+      "version": "1.0.4",
+      "resolved": "https://registry.npmjs.org/@paypal/sdk-release-notes/-/sdk-release-notes-1.0.4.tgz",
+      "integrity": "sha512-4nJg0l717uYd7YvFj74uRzT0g2zWIfi+nS1bA72kLgJ6tM2a31C7T3E9+5n5lO/n1j2R2g3j5g6Zg=="
+    },
+    "node_modules/@paypal/sdk-constants": {
+      "version": "1.0.74",
+      "resolved": "https://registry.npmjs.org/@paypal/sdk-constants/-/sdk-constants-1.0.74.tgz",
+      "integrity": "sha512-Jv2+9jF/f8zLw32J0jA6PEc50R4k3H6e1M05BdtF1L0sP6gE0cWJHrM5uWfHqgP+e/eC4Zqf7q7X+g=="
+    },
+    "node_modules/@paypal/sdk-release-notes": {
+      "version": "1.0.2",
+      "resolved": "https://registry.npmjs.org/@paypal/sdk-release-notes/-/sdk-release-notes-1.0.2.tgz",
+      "integrity": "sha512-Yp/yQCRJc1tN9j38V8nN0eHcl9x1q+nL10762Vv8s6dY0+K5n8o+D6iB8h6s2X3c2F9e7j0g8g0Cg=="
+    },
+    "node_modules/@paypal/paypal-js": {
+      "version": "8.0.5",
+      "resolved": "https://registry.npmjs.org/@paypal/paypal-js/-/paypal-js-8.0.5.tgz",
+      "integrity": "sha512-r46EwB42WzYlI5WdG7sH2yG2TNGJjG8L/tO0Q5lH08jHh2G3jJ9Y7rL7tH2fO5mJ0w4jM7z1K6v9uA==",
+      "dependencies": {
+        "@paypal/sdk-constants": "^1.0.107",
+        "@paypal/sdk-release-notes": "^1.0.4"
+      }
+    },
+    "node_modules/@paypal/react-paypal-js": {
+      "version": "8.3.0"
+    },
     "node_modules/@types/babel__core": {
       "version": "7.20.5",
       "resolved": "https://registry.npmjs.org/@types/babel__core/-/babel__core-7.20.5.tgz",